
Microsoft Visual Studio Solution File, Format Version 12.00
# Visual Studio Version 16
VisualStudioVersion = 16.0.30011.22
MinimumVisualStudioVersion = 10.0.40219.1
Project("{9A19103F-16F7-4668-BE54-9A1E7A4F7556}") = "EmployeeManagementModel", "EmployeeManagementModel\EmployeeManagementModel.csproj", "{A5A9E23C-6F02-417D-B0BA-C2932C2D9118}"
EndProject
Project("{9A19103F-16F7-4668-BE54-9A1E7A4F7556}") = "EmployeeManagement.Web", "EmployeeManagement.Web\EmployeeManagement.Web.csproj", "{D9C2A513-A51B-4188-9107-00A1600B97E5}"
EndProject
Project("{9A19103F-16F7-4668-BE54-9A1E7A4F7556}") = "EmployeeManagement.Api", "EmployeeManagement.Api\EmployeeManagement.Api.csproj", "{90C9385F-93CF-4D42-BE4F-42C6A1170F89}"
EndProject
Project("{2150E333-8FDC-42A3-9474-1A3956D46DE8}") = "Solution Items", "Solution Items", "{54B192B8-52DF-4626-A4C8-3294BB2E106F}"
	ProjectSection(SolutionItems) = preProject
		.editorconfig = .editorconfig
	EndProjectSection
EndProject
Global
	GlobalSection(SolutionConfigurationPlatforms) = preSolution
		Debug|Any CPU = Debug|Any CPU
		Release|Any CPU = Release|Any CPU
	EndGlobalSection
	GlobalSection(ProjectConfigurationPlatforms) = postSolution
		{A5A9E23C-6F02-417D-B0BA-C2932C2D9118}.Debug|Any CPU.ActiveCfg = Debug|Any CPU
		{A5A9E23C-6F02-417D-B0BA-C2932C2D9118}.Debug|Any CPU.Build.0 = Debug|Any CPU
		{A5A9E23C-6F02-417D-B0BA-C2932C2D9118}.Release|Any CPU.ActiveCfg = Release|Any CPU
		{A5A9E23C-6F02-417D-B0BA-C2932C2D9118}.Release|Any CPU.Build.0 = Release|Any CPU
		{D9C2A513-A51B-4188-9107-00A1600B97E5}.Debug|Any CPU.ActiveCfg = Debug|Any CPU
		{D9C2A513-A51B-4188-9107-00A1600B97E5}.Debug|Any CPU.Build.0 = Debug|Any CPU
		{D9C2A513-A51B-4188-9107-00A1600B97E5}.Release|Any CPU.ActiveCfg = Release|Any CPU
		{D9C2A513-A51B-4188-9107-00A1600B97E5}.Release|Any CPU.Build.0 = Release|Any CPU
		{90C9385F-93CF-4D42-BE4F-42C6A1170F89}.Debug|Any CPU.ActiveCfg = Debug|Any CPU
		{90C9385F-93CF-4D42-BE4F-42C6A1170F89}.Debug|Any CPU.Build.0 = Debug|Any CPU
		{90C9385F-93CF-4D42-BE4F-42C6A1170F89}.Release|Any CPU.ActiveCfg = Release|Any CPU
		{90C9385F-93CF-4D42-BE4F-42C6A1170F89}.Release|Any CPU.Build.0 = Release|Any CPU
	EndGlobalSection
	GlobalSection(SolutionProperties) = preSolution
		HideSolutionNode = FALSE
	EndGlobalSection
	GlobalSection(ExtensibilityGlobals) = postSolution
		SolutionGuid = {C397FBC6-F9D9-405C-80ED-3D3EEEDDD7D6}
	EndGlobalSection
EndGlobal
